
Microsoft Visual Studio Solution File, Format Version 12.00
# Visual Studio 2012
Project("{FAE04EC0-301F-11D3-BF4B-00C04F79EFBC}") = "CsNetLib2", "CsNetLib2\CsNetLib2.csproj", "{2520B55D-33BD-4600-99F8-EBC9ADDC88C4}"
EndProject
Global
	GlobalSection(SolutionConfigurationPlatforms) = preSolution
		Debug|Any CPU = Debug|Any CPU
		Release|Any CPU = Release|Any CPU
	EndGlobalSection
	GlobalSection(ProjectConfigurationPlatforms) = postSolution
		{2520B55D-33BD-4600-99F8-EBC9ADDC88C4}.Debug|Any CPU.ActiveCfg = Debug|Any CPU
		{2520B55D-33BD-4600-99F8-EBC9ADDC88C4}.Debug|Any CPU.Build.0 = Debug|Any CPU
		{2520B55D-33BD-4600-99F8-EBC9ADDC88C4}.Release|Any CPU.ActiveCfg = Release|Any CPU
		{2520B55D-33BD-4600-99F8-EBC9ADDC88C4}.Release|Any CPU.Build.0 = Release|Any CPU
	EndGlobalSection
	GlobalSection(SolutionProperties) = preSolution
		HideSolutionNode = FALSE
	EndGlobalSection
EndGlobal
